// !$*UTF8*$!
{
	archiveVersion = 1;
	classes = {
	};
	objectVersion = 48;
	objects = {

/* Begin PBXBuildFile section */
		E7F19E5B200EB17300E412D0 /* AppDelegate.swift in Sources */ = {isa = PBXBuildFile; fileRef = E7F19E5A200EB17300E412D0 /* AppDelegate.swift */; };
		E7F19E5D200EB17300E412D0 /* ViewController.swift in Sources */ = {isa = PBXBuildFile; fileRef = E7F19E5C200EB17300E412D0 /* ViewController.swift */; };
		E7F19E60200EB17400E412D0 /* Main.storyboard in Resources */ = {isa = PBXBuildFile; fileRef = E7F19E5E200EB17400E412D0 /* Main.storyboard */; };
		E7F19E63200EB17400E412D0 /* Adding_to_Beasts.xcdatamodeld in Sources */ = {isa = PBXBuildFile; fileRef = E7F19E61200EB17400E412D0 /* Adding_to_Beasts.xcdatamodeld */; };
		E7F19E65200EB17400E412D0 /* Assets.xcassets in Resources */ = {isa = PBXBuildFile; fileRef = E7F19E64200EB17400E412D0 /* Assets.xcassets */; };
		E7F19E68200EB17400E412D0 /* LaunchScreen.storyboard in Resources */ = {isa = PBXBuildFile; fileRef = E7F19E66200EB17400E412D0 /* LaunchScreen.storyboard */; };
		E7F19E73200EB17400E412D0 /* Adding_to_BeastsTests.swift in Sources */ = {isa = PBXBuildFile; fileRef = E7F19E72200EB17400E412D0 /* Adding_to_BeastsTests.swift */; };
		E7F19E7E200EB17400E412D0 /* Adding_to_BeastsUITests.swift in Sources */ = {isa = PBXBuildFile; fileRef = E7F19E7D200EB17400E412D0 /* Adding_to_BeastsUITests.swift */; };
/* End PBXBuildFile section */

/* Begin PBXContainerItemProxy section */
		E7F19E6F200EB17400E412D0 /* PBXContainerItemProxy */ = {
			isa = PBXContainerItemProxy;
			containerPortal = E7F19E4F200EB17300E412D0 /* Project object */;
			proxyType = 1;
			remoteGlobalIDString = E7F19E56200EB17300E412D0;
			remoteInfo = "Adding to Beasts";
		};
		E7F19E7A200EB17400E412D0 /* PBXContainerItemProxy */ = {
			isa = PBXContainerItemProxy;
			containerPortal = E7F19E4F200EB17300E412D0 /* Project object */;
			proxyType = 1;
			remoteGlobalIDString = E7F19E56200EB17300E412D0;
			remoteInfo = "Adding to Beasts";
		};
/* End PBXContainerItemProxy section */

/* Begin PBXFileReference section */
		E7F19E57200EB17300E412D0 /* Adding to Beasts.app */ = {isa = PBXFileReference; explicitFileType = wrapper.application; includeInIndex = 0; path = "Adding to Beasts.app"; sourceTree = BUILT_PRODUCTS_DIR; };
		E7F19E5A200EB17300E412D0 /* AppDelegate.swift */ = {isa = PBXFileReference; lastKnownFileType = sourcecode.swift; path = AppDelegate.swift; sourceTree = "<group>"; };
		E7F19E5C200EB17300E412D0 /* ViewController.swift */ = {isa = PBXFileReference; lastKnownFileType = sourcecode.swift; path = ViewController.swift; sourceTree = "<group>"; };
		E7F19E5F200EB17400E412D0 /* Base */ = {isa = PBXFileReference; lastKnownFileType = file.storyboard; name = Base; path = Base.lproj/Main.storyboard; sourceTree = "<group>"; };
		E7F19E62200EB17400E412D0 /* Adding_to_Beasts.xcdatamodel */ = {isa = PBXFileReference; lastKnownFileType = wrapper.xcdatamodel; path = Adding_to_Beasts.xcdatamodel; sourceTree = "<group>"; };
		E7F19E64200EB17400E412D0 /* Assets.xcassets */ = {isa = PBXFileReference; lastKnownFileType = folder.assetcatalog; path = Assets.xcassets; sourceTree = "<group>"; };
		E7F19E67200EB17400E412D0 /* Base */ = {isa = PBXFileReference; lastKnownFileType = file.storyboard; name = Base; path = Base.lproj/LaunchScreen.storyboard; sourceTree = "<group>"; };
		E7F19E69200EB17400E412D0 /* Info.plist */ = {isa = PBXFileReference; lastKnownFileType = text.plist.xml; path = Info.plist; sourceTree = "<group>"; };
		E7F19E6E200EB17400E412D0 /* Adding to BeastsTests.xctest */ = {isa = PBXFileReference; explicitFileType = wrapper.cfbundle; includeInIndex = 0; path = "Adding to BeastsTests.xctest"; sourceTree = BUILT_PRODUCTS_DIR; };
		E7F19E72200EB17400E412D0 /* Adding_to_BeastsTests.swift */ = {isa = PBXFileReference; lastKnownFileType = sourcecode.swift; path = Adding_to_BeastsTests.swift; sourceTree = "<group>"; };
		E7F19E74200EB17400E412D0 /* Info.plist */ = {isa = PBXFileReference; lastKnownFileType = text.plist.xml; path = Info.plist; sourceTree = "<group>"; };
		E7F19E79200EB17400E412D0 /* Adding to BeastsUITests.xctest */ = {isa = PBXFileReference; explicitFileType = wrapper.cfbundle; includeInIndex = 0; path = "Adding to BeastsUITests.xctest"; sourceTree = BUILT_PRODUCTS_DIR; };
		E7F19E7D200EB17400E412D0 /* Adding_to_BeastsUITests.swift */ = {isa = PBXFileReference; lastKnownFileType = sourcecode.swift; path = Adding_to_BeastsUITests.swift; sourceTree = "<group>"; };
		E7F19E7F200EB17400E412D0 /* Info.plist */ = {isa = PBXFileReference; lastKnownFileType = text.plist.xml; path = Info.plist; sourceTree = "<group>"; };
/* End PBXFileReference section */

/* Begin PBXFrameworksBuildPhase section */
		E7F19E54200EB17300E412D0 /* Frameworks */ = {
			isa = PBXFrameworksBuildPhase;
			buildActionMask = 2147483647;
			files = (
			);
			runOnlyForDeploymentPostprocessing = 0;
		};
		E7F19E6B200EB17400E412D0 /* Frameworks */ = {
			isa = PBXFrameworksBuildPhase;
			buildActionMask = 2147483647;
			files = (
			);
			runOnlyForDeploymentPostprocessing = 0;
		};
		E7F19E76200EB17400E412D0 /* Frameworks */ = {
			isa = PBXFrameworksBuildPhase;
			buildActionMask = 2147483647;
			files = (
			);
			runOnlyForDeploymentPostprocessing = 0;
		};
/* End PBXFrameworksBuildPhase section */

/* Begin PBXGroup section */
		E7F19E4E200EB17300E412D0 = {
			isa = PBXGroup;
			children = (
				E7F19E59200EB17300E412D0 /* Adding to Beasts */,
				E7F19E71200EB17400E412D0 /* Adding to BeastsTests */,
				E7F19E7C200EB17400E412D0 /* Adding to BeastsUITests */,
				E7F19E58200EB17300E412D0 /* Products */,
			);
			sourceTree = "<group>";
		};
		E7F19E58200EB17300E412D0 /* Products */ = {
			isa = PBXGroup;
			children = (
				E7F19E57200EB17300E412D0 /* Adding to Beasts.app */,
				E7F19E6E200EB17400E412D0 /* Adding to BeastsTests.xctest */,
				E7F19E79200EB17400E412D0 /* Adding to BeastsUITests.xctest */,
			);
			name = Products;
			sourceTree = "<group>";
		};
		E7F19E59200EB17300E412D0 /* Adding to Beasts */ = {
			isa = PBXGroup;
			children = (
				E7F19E5A200EB17300E412D0 /* AppDelegate.swift */,
				E7F19E5C200EB17300E412D0 /* ViewController.swift */,
				E7F19E5E200EB17400E412D0 /* Main.storyboard */,
				E7F19E64200EB17400E412D0 /* Assets.xcassets */,
				E7F19E66200EB17400E412D0 /* LaunchScreen.storyboard */,
				E7F19E69200EB17400E412D0 /* Info.plist */,
				E7F19E61200EB17400E412D0 /* Adding_to_Beasts.xcdatamodeld */,
			);
			path = "Adding to Beasts";
			sourceTree = "<group>";
		};
		E7F19E71200EB17400E412D0 /* Adding to BeastsTests */ = {
			isa = PBXGroup;
			children = (
				E7F19E72200EB17400E412D0 /* Adding_to_BeastsTests.swift */,
				E7F19E74200EB17400E412D0 /* Info.plist */,
			);
			path = "Adding to BeastsTests";
			sourceTree = "<group>";
		};
		E7F19E7C200EB17400E412D0 /* Adding to BeastsUITests */ = {
			isa = PBXGroup;
			children = (
				E7F19E7D200EB17400E412D0 /* Adding_to_BeastsUITests.swift */,
				E7F19E7F200EB17400E412D0 /* Info.plist */,
			);
			path = "Adding to BeastsUITests";
			sourceTree = "<group>";
		};
/* End PBXGroup section */

/* Begin PBXNativeTarget section */
		E7F19E56200EB17300E412D0 /* Adding to Beasts */ = {
			isa = PBXNativeTarget;
			buildConfigurationList = E7F19E82200EB17400E412D0 /* Build configuration list for PBXNativeTarget "Adding to Beasts" */;
			buildPhases = (
				E7F19E53200EB17300E412D0 /* Sources */,
				E7F19E54200EB17300E412D0 /* Frameworks */,
				E7F19E55200EB17300E412D0 /* Resources */,
			);
			buildRules = (
			);
			dependencies = (
			);
			name = "Adding to Beasts";
			productName = "Adding to Beasts";
			productReference = E7F19E57200EB17300E412D0 /* Adding to Beasts.app */;
			productType = "com.apple.product-type.application";
		};
		E7F19E6D200EB17400E412D0 /* Adding to BeastsTests */ = {
			isa = PBXNativeTarget;
			buildConfigurationList = E7F19E85200EB17400E412D0 /* Build configuration list for PBXNativeTarget "Adding to BeastsTests" */;
			buildPhases = (
				E7F19E6A200EB17400E412D0 /* Sources */,
				E7F19E6B200EB17400E412D0 /* Frameworks */,
				E7F19E6C200EB17400E412D0 /* Resources */,
			);
			buildRules = (
			);
			dependencies = (
				E7F19E70200EB17400E412D0 /* PBXTargetDependency */,
			);
			name = "Adding to BeastsTests";
			productName = "Adding to BeastsTests";
			productReference = E7F19E6E200EB17400E412D0 /* Adding to BeastsTests.xctest */;
			productType = "com.apple.product-type.bundle.unit-test";
		};
		E7F19E78200EB17400E412D0 /* Adding to BeastsUITests */ = {
			isa = PBXNativeTarget;
			buildConfigurationList = E7F19E88200EB17400E412D0 /* Build configuration list for PBXNativeTarget "Adding to BeastsUITests" */;
			buildPhases = (
				E7F19E75200EB17400E412D0 /* Sources */,
				E7F19E76200EB17400E412D0 /* Frameworks */,
				E7F19E77200EB17400E412D0 /* Resources */,
			);
			buildRules = (
			);
			dependencies = (
				E7F19E7B200EB17400E412D0 /* PBXTargetDependency */,
			);
			name = "Adding to BeastsUITests";
			productName = "Adding to BeastsUITests";
			productReference = E7F19E79200EB17400E412D0 /* Adding to BeastsUITests.xctest */;
			productType = "com.apple.product-type.bundle.ui-testing";
		};
/* End PBXNativeTarget section */

/* Begin PBXProject section */
		E7F19E4F200EB17300E412D0 /* Project object */ = {
			isa = PBXProject;
			attributes = {
				LastSwiftUpdateCheck = 0920;
				LastUpgradeCheck = 0920;
				ORGANIZATIONNAME = "Noel Mendoza";
				TargetAttributes = {
					E7F19E56200EB17300E412D0 = {
						CreatedOnToolsVersion = 9.2;
						ProvisioningStyle = Automatic;
					};
					E7F19E6D200EB17400E412D0 = {
						CreatedOnToolsVersion = 9.2;
						ProvisioningStyle = Automatic;
						TestTargetID = E7F19E56200EB17300E412D0;
					};
					E7F19E78200EB17400E412D0 = {
						CreatedOnToolsVersion = 9.2;
						ProvisioningStyle = Automatic;
						TestTargetID = E7F19E56200EB17300E412D0;
					};
				};
			};
			buildConfigurationList = E7F19E52200EB17300E412D0 /* Build configuration list for PBXProject "Adding to Beasts" */;
			compatibilityVersion = "Xcode 8.0";
			developmentRegion = en;
			hasScannedForEncodings = 0;
			knownRegions = (
				en,
				Base,
			);
			mainGroup = E7F19E4E200EB17300E412D0;
			productRefGroup = E7F19E58200EB17300E412D0 /* Products */;
			projectDirPath = "";
			projectRoot = "";
			targets = (
				E7F19E56200EB17300E412D0 /* Adding to Beasts */,
				E7F19E6D200EB17400E412D0 /* Adding to BeastsTests */,
				E7F19E78200EB17400E412D0 /* Adding to BeastsUITests */,
			);
		};
/* End PBXProject section */

/* Begin PBXResourcesBuildPhase section */
		E7F19E55200EB17300E412D0 /* Resources */ = {
			isa = PBXResourcesBuildPhase;
			buildActionMask = 2147483647;
			files = (
				E7F19E68200EB17400E412D0 /* LaunchScreen.storyboard in Resources */,
				E7F19E65200EB17400E412D0 /* Assets.xcassets in Resources */,
				E7F19E60200EB17400E412D0 /* Main.storyboard in Resources */,
			);
			runOnlyForDeploymentPostprocessing = 0;
		};
		E7F19E6C200EB17400E412D0 /* Resources */ = {
			isa = PBXResourcesBuildPhase;
			buildActionMask = 2147483647;
			files = (
			);
			runOnlyForDeploymentPostprocessing = 0;
		};
		E7F19E77200EB17400E412D0 /* Resources */ = {
			isa = PBXResourcesBuildPhase;
			buildActionMask = 2147483647;
			files = (
			);
			runOnlyForDeploymentPostprocessing = 0;
		};
/* End PBXResourcesBuildPhase section */

/* Begin PBXSourcesBuildPhase section */
		E7F19E53200EB17300E412D0 /* Sources */ = {
			isa = PBXSourcesBuildPhase;
			buildActionMask = 2147483647;
			files = (
				E7F19E63200EB17400E412D0 /* Adding_to_Beasts.xcdatamodeld in Sources */,
				E7F19E5D200EB17300E412D0 /* ViewController.swift in Sources */,
				E7F19E5B200EB17300E412D0 /* AppDelegate.swift in Sources */,
			);
			runOnlyForDeploymentPostprocessing = 0;
		};
		E7F19E6A200EB17400E412D0 /* Sources */ = {
			isa = PBXSourcesBuildPhase;
			buildActionMask = 2147483647;
			files = (
				E7F19E73200EB17400E412D0 /* Adding_to_BeastsTests.swift in Sources */,
			);
			runOnlyForDeploymentPostprocessing = 0;
		};
		E7F19E75200EB17400E412D0 /* Sources */ = {
			isa = PBXSourcesBuildPhase;
			buildActionMask = 2147483647;
			files = (
				E7F19E7E200EB17400E412D0 /* Adding_to_BeastsUITests.swift in Sources */,
			);
			runOnlyForDeploymentPostprocessing = 0;
		};
/* End PBXSourcesBuildPhase section */

/* Begin PBXTargetDependency section */
		E7F19E70200EB17400E412D0 /* PBXTargetDependency */ = {
			isa = PBXTargetDependency;
			target = E7F19E56200EB17300E412D0 /* Adding to Beasts */;
			targetProxy = E7F19E6F200EB17400E412D0 /* PBXContainerItemProxy */;
		};
		E7F19E7B200EB17400E412D0 /* PBXTargetDependency */ = {
			isa = PBXTargetDependency;
			target = E7F19E56200EB17300E412D0 /* Adding to Beasts */;
			targetProxy = E7F19E7A200EB17400E412D0 /* PBXContainerItemProxy */;
		};
/* End PBXTargetDependency section */

/* Begin PBXVariantGroup section */
		E7F19E5E200EB17400E412D0 /* Main.storyboard */ = {
			isa = PBXVariantGroup;
			children = (
				E7F19E5F200EB17400E412D0 /* Base */,
			);
			name = Main.storyboard;
			sourceTree = "<group>";
		};
		E7F19E66200EB17400E412D0 /* LaunchScreen.storyboard */ = {
			isa = PBXVariantGroup;
			children = (
				E7F19E67200EB17400E412D0 /* Base */,
			);
			name = LaunchScreen.storyboard;
			sourceTree = "<group>";
		};
/* End PBXVariantGroup section */

/* Begin XCBuildConfiguration section */
		E7F19E80200EB17400E412D0 /* Debug */ = {
			isa = XCBuildConfiguration;
			buildSettings = {
				ALWAYS_SEARCH_USER_PATHS = NO;
				CLANG_ANALYZER_NONNULL = YES;
				CLANG_ANALYZER_NUMBER_OBJECT_CONVERSION = YES_AGGRESSIVE;
				CLANG_CXX_LANGUAGE_STANDARD = "gnu++14";
				CLANG_CXX_LIBRARY = "libc++";
				CLANG_ENABLE_MODULES = YES;
				CLANG_ENABLE_OBJC_ARC = YES;
				CLANG_WARN_BLOCK_CAPTURE_AUTORELEASING = YES;
				CLANG_WARN_BOOL_CONVERSION = YES;
				CLANG_WARN_COMMA = YES;
				CLANG_WARN_CONSTANT_CONVERSION = YES;
				CLANG_WARN_DIRECT_OBJC_ISA_USAGE = YES_ERROR;
				CLANG_WARN_DOCUMENTATION_COMMENTS = YES;
				CLANG_WARN_EMPTY_BODY = YES;
				CLANG_WARN_ENUM_CONVERSION = YES;
				CLANG_WARN_INFINITE_RECURSION = YES;
				CLANG_WARN_INT_CONVERSION = YES;
				CLANG_WARN_NON_LITERAL_NULL_CONVERSION = YES;
				CLANG_WARN_OBJC_LITERAL_CONVERSION = YES;
				CLANG_WARN_OBJC_ROOT_CLASS = YES_ERROR;
				CLANG_WARN_RANGE_LOOP_ANALYSIS = YES;
				CLANG_WARN_STRICT_PROTOTYPES = YES;
				CLANG_WARN_SUSPICIOUS_MOVE = YES;
				CLANG_WARN_UNGUARDED_AVAILABILITY = YES_AGGRESSIVE;
				CLANG_WARN_UNREACHABLE_CODE = YES;
				CLANG_WARN__DUPLICATE_METHOD_MATCH = YES;
				CODE_SIGN_IDENTITY = "iPhone Developer";
				COPY_PHASE_STRIP = NO;
				DEBUG_INFORMATION_FORMAT = dwarf;
				ENABLE_STRICT_OBJC_MSGSEND = YES;
				ENABLE_TESTABILITY = YES;
				GCC_C_LANGUAGE_STANDARD = gnu11;
				GCC_DYNAMIC_NO_PIC = NO;
				GCC_NO_COMMON_BLOCKS = YES;
				GCC_OPTIMIZATION_LEVEL = 0;
				GCC_PREPROCESSOR_DEFINITIONS = (
					"DEBUG=1",
					"$(inherited)",
				);
				GCC_WARN_64_TO_32_BIT_CONVERSION = YES;
				GCC_WARN_ABOUT_RETURN_TYPE = YES_ERROR;
				GCC_WARN_UNDECLARED_SELECTOR = YES;
				GCC_WARN_UNINITIALIZED_AUTOS = YES_AGGRESSIVE;
				GCC_WARN_UNUSED_FUNCTION = YES;
				GCC_WARN_UNUSED_VARIABLE = YES;
				IPHONEOS_DEPLOYMENT_TARGET = 11.2;
				MTL_ENABLE_DEBUG_INFO = YES;
				ONLY_ACTIVE_ARCH = YES;
				SDKROOT = iphoneos;
				SWIFT_ACTIVE_COMPILATION_CONDITIONS = DEBUG;
				SWIFT_OPTIMIZATION_LEVEL = "-Onone";
			};
			name = Debug;
		};
		E7F19E81200EB17400E412D0 /* Release */ = {
			isa = XCBuildConfiguration;
			buildSettings = {
				ALWAYS_SEARCH_USER_PATHS = NO;
				CLANG_ANALYZER_NONNULL = YES;
				CLANG_ANALYZER_NUMBER_OBJECT_CONVERSION = YES_AGGRESSIVE;
				CLANG_CXX_LANGUAGE_STANDARD = "gnu++14";
				CLANG_CXX_LIBRARY = "libc++";
				CLANG_ENABLE_MODULES = YES;
				CLANG_ENABLE_OBJC_ARC = YES;
				CLANG_WARN_BLOCK_CAPTURE_AUTORELEASING = YES;
				CLANG_WARN_BOOL_CONVERSION = YES;
				CLANG_WARN_COMMA = YES;
				CLANG_WARN_CONSTANT_CONVERSION = YES;
				CLANG_WARN_DIRECT_OBJC_ISA_USAGE = YES_ERROR;
				CLANG_WARN_DOCUMENTATION_COMMENTS = YES;
				CLANG_WARN_EMPTY_BODY = YES;
				CLANG_WARN_ENUM_CONVERSION = YES;
				CLANG_WARN_INFINITE_RECURSION = YES;
				CLANG_WARN_INT_CONVERSION = YES;
				CLANG_WARN_NON_LITERAL_NULL_CONVERSION = YES;
				CLANG_WARN_OBJC_LITERAL_CONVERSION = YES;
				CLANG_WARN_OBJC_ROOT_CLASS = YES_ERROR;
				CLANG_WARN_RANGE_LOOP_ANALYSIS = YES;
				CLANG_WARN_STRICT_PROTOTYPES = YES;
				CLANG_WARN_SUSPICIOUS_MOVE = YES;
				CLANG_WARN_UNGUARDED_AVAILABILITY = YES_AGGRESSIVE;
				CLANG_WARN_UNREACHABLE_CODE = YES;
				CLANG_WARN__DUPLICATE_METHOD_MATCH = YES;
				CODE_SIGN_IDENTITY = "iPhone Developer";
				COPY_PHASE_STRIP = NO;
				DEBUG_INFORMATION_FORMAT = "dwarf-with-dsym";
				ENABLE_NS_ASSERTIONS = NO;
				ENABLE_STRICT_OBJC_MSGSEND = YES;
				GCC_C_LANGUAGE_STANDARD = gnu11;
				GCC_NO_COMMON_BLOCKS = YES;
				GCC_WARN_64_TO_32_BIT_CONVERSION = YES;
				GCC_WARN_ABOUT_RETURN_TYPE = YES_ERROR;
				GCC_WARN_UNDECLARED_SELECTOR = YES;
				GCC_WARN_UNINITIALIZED_AUTOS = YES_AGGRESSIVE;
				GCC_WARN_UNUSED_FUNCTION = YES;
				GCC_WARN_UNUSED_VARIABLE = YES;
				IPHONEOS_DEPLOYMENT_TARGET = 11.2;
				MTL_ENABLE_DEBUG_INFO = NO;
				SDKROOT = iphoneos;
				SWIFT_OPTIMIZATION_LEVEL = "-Owholemodule";
				VALIDATE_PRODUCT = YES;
			};
			name = Release;
		};
		E7F19E83200EB17400E412D0 /* Debug */ = {
			isa = XCBuildConfiguration;
			buildSettings = {
				ASSETCATALOG_COMPILER_APPICON_NAME = AppIcon;
				CODE_SIGN_STYLE = Automatic;
				INFOPLIST_FILE = "Adding to Beasts/Info.plist";
				LD_RUNPATH_SEARCH_PATHS = "$(inherited) @executable_path/Frameworks";
				PRODUCT_BUNDLE_IDENTIFIER = "Coding-Dojo.Adding-to-Beasts";
				PRODUCT_NAME = "$(TARGET_NAME)";
				SWIFT_VERSION = 4.0;
				TARGETED_DEVICE_FAMILY = "1,2";
			};
			name = Debug;
		};
		E7F19E84200EB17400E412D0 /* Release */ = {
			isa = XCBuildConfiguration;
			buildSettings = {
				ASSETCATALOG_COMPILER_APPICON_NAME = AppIcon;
				CODE_SIGN_STYLE = Automatic;
				INFOPLIST_FILE = "Adding to Beasts/Info.plist";
				LD_RUNPATH_SEARCH_PATHS = "$(inherited) @executable_path/Frameworks";
				PRODUCT_BUNDLE_IDENTIFIER = "Coding-Dojo.Adding-to-Beasts";
				PRODUCT_NAME = "$(TARGET_NAME)";
				SWIFT_VERSION = 4.0;
				TARGETED_DEVICE_FAMILY = "1,2";
			};
			name = Release;
		};
		E7F19E86200EB17400E412D0 /* Debug */ = {
			isa = XCBuildConfiguration;
			buildSettings = {
				ALWAYS_EMBED_SWIFT_STANDARD_LIBRARIES = YES;
				BUNDLE_LOADER = "$(TEST_HOST)";
				CODE_SIGN_STYLE = Automatic;
				INFOPLIST_FILE = "Adding to BeastsTests/Info.plist";
				LD_RUNPATH_SEARCH_PATHS = "$(inherited) @executable_path/Frameworks @loader_path/Frameworks";
				PRODUCT_BUNDLE_IDENTIFIER = "Coding-Dojo.Adding-to-BeastsTests";
				PRODUCT_NAME = "$(TARGET_NAME)";
				SWIFT_VERSION = 4.0;
				TARGETED_DEVICE_FAMILY = "1,2";
				TEST_HOST = "$(BUILT_PRODUCTS_DIR)/Adding to Beasts.app/Adding to Beasts";
			};
			name = Debug;
		};
		E7F19E87200EB17400E412D0 /* Release */ = {
			isa = XCBuildConfiguration;
			buildSettings = {
				ALWAYS_EMBED_SWIFT_STANDARD_LIBRARIES = YES;
				BUNDLE_LOADER = "$(TEST_HOST)";
				CODE_SIGN_STYLE = Automatic;
				INFOPLIST_FILE = "Adding to BeastsTests/Info.plist";
				LD_RUNPATH_SEARCH_PATHS = "$(inherited) @executable_path/Frameworks @loader_path/Frameworks";
				PRODUCT_BUNDLE_IDENTIFIER = "Coding-Dojo.Adding-to-BeastsTests";
				PRODUCT_NAME = "$(TARGET_NAME)";
				SWIFT_VERSION = 4.0;
				TARGETED_DEVICE_FAMILY = "1,2";
				TEST_HOST = "$(BUILT_PRODUCTS_DIR)/Adding to Beasts.app/Adding to Beasts";
			};
			name = Release;
		};
		E7F19E89200EB17400E412D0 /* Debug */ = {
			isa = XCBuildConfiguration;
			buildSettings = {
				ALWAYS_EMBED_SWIFT_STANDARD_LIBRARIES = YES;
				CODE_SIGN_STYLE = Automatic;
				INFOPLIST_FILE = "Adding to BeastsUITests/Info.plist";
				LD_RUNPATH_SEARCH_PATHS = "$(inherited) @executable_path/Frameworks @loader_path/Frameworks";
				PRODUCT_BUNDLE_IDENTIFIER = "Coding-Dojo.Adding-to-BeastsUITests";
				PRODUCT_NAME = "$(TARGET_NAME)";
				SWIFT_VERSION = 4.0;
				TARGETED_DEVICE_FAMILY = "1,2";
				TEST_TARGET_NAME = "Adding to Beasts";
			};
			name = Debug;
		};
		E7F19E8A200EB17400E412D0 /* Release */ = {
			isa = XCBuildConfiguration;
			buildSettings = {
				ALWAYS_EMBED_SWIFT_STANDARD_LIBRARIES = YES;
				CODE_SIGN_STYLE = Automatic;
				INFOPLIST_FILE = "Adding to BeastsUITests/Info.plist";
				LD_RUNPATH_SEARCH_PATHS = "$(inherited) @executable_path/Frameworks @loader_path/Frameworks";
				PRODUCT_BUNDLE_IDENTIFIER = "Coding-Dojo.Adding-to-BeastsUITests";
				PRODUCT_NAME = "$(TARGET_NAME)";
				SWIFT_VERSION = 4.0;
				TARGETED_DEVICE_FAMILY = "1,2";
				TEST_TARGET_NAME = "Adding to Beasts";
			};
			name = Release;
		};
/* End XCBuildConfiguration section */

/* Begin XCConfigurationList section */
		E7F19E52200EB17300E412D0 /* Build configuration list for PBXProject "Adding to Beasts" */ = {
			isa = XCConfigurationList;
			buildConfigurations = (
				E7F19E80200EB17400E412D0 /* Debug */,
				E7F19E81200EB17400E412D0 /* Release */,
			);
			defaultConfigurationIsVisible = 0;
			defaultConfigurationName = Release;
		};
		E7F19E82200EB17400E412D0 /* Build configuration list for PBXNativeTarget "Adding to Beasts" */ = {
			isa = XCConfigurationList;
			buildConfigurations = (
				E7F19E83200EB17400E412D0 /* Debug */,
				E7F19E84200EB17400E412D0 /* Release */,
			);
			defaultConfigurationIsVisible = 0;
			defaultConfigurationName = Release;
		};
		E7F19E85200EB17400E412D0 /* Build configuration list for PBXNativeTarget "Adding to BeastsTests" */ = {
			isa = XCConfigurationList;
			buildConfigurations = (
				E7F19E86200EB17400E412D0 /* Debug */,
				E7F19E87200EB17400E412D0 /* Release */,
			);
			defaultConfigurationIsVisible = 0;
			defaultConfigurationName = Release;
		};
		E7F19E88200EB17400E412D0 /* Build configuration list for PBXNativeTarget "Adding to BeastsUITests" */ = {
			isa = XCConfigurationList;
			buildConfigurations = (
				E7F19E89200EB17400E412D0 /* Debug */,
				E7F19E8A200EB17400E412D0 /* Release */,
			);
			defaultConfigurationIsVisible = 0;
			defaultConfigurationName = Release;
		};
/* End XCConfigurationList section */

/* Begin XCVersionGroup section */
		E7F19E61200EB17400E412D0 /* Adding_to_Beasts.xcdatamodeld */ = {
			isa = XCVersionGroup;
			children = (
				E7F19E62200EB17400E412D0 /* Adding_to_Beasts.xcdatamodel */,
			);
			currentVersion = E7F19E62200EB17400E412D0 /* Adding_to_Beasts.xcdatamodel */;
			path = Adding_to_Beasts.xcdatamodeld;
			sourceTree = "<group>";
			versionGroupType = wrapper.xcdatamodel;
		};
/* End XCVersionGroup section */
	};
	rootObject = E7F19E4F200EB17300E412D0 /* Project object */;
}
